
Microsoft Visual Studio Solution File, Format Version 12.00
# Visual Studio Version 16
VisualStudioVersion = 16.0.30503.244
MinimumVisualStudioVersion = 10.0.40219.1
Project("{8BC9CEB8-8B4A-11D0-8D11-00A0C91BC942}") = "Core", "Source\Core\Core.vcxproj", "{B57B3CFA-25D4-4665-BDF3-A6BB38323E4E}"
EndProject
Project("{8BC9CEB8-8B4A-11D0-8D11-00A0C91BC942}") = "Debugger", "Source\Debugger\Debugger.vcxproj", "{B13D709B-1B25-405D-89C9-D8C511AFBA83}"
EndProject
Project("{8BC9CEB8-8B4A-11D0-8D11-00A0C91BC942}") = "EmuWrapper", "Source\EmuWrapper\EmuWrapper.vcxproj", "{87DE8D34-333E-44FA-8A54-F90C91D7E14A}"
EndProject
Project("{8BC9CEB8-8B4A-11D0-8D11-00A0C91BC942}") = "FileHandler", "Source\FileHandler\FileHandler.vcxproj", "{F4D95B42-2B99-4C87-A581-65FF916B036F}"
EndProject
Project("{8BC9CEB8-8B4A-11D0-8D11-00A0C91BC942}") = "Common", "Source\Common\Common.vcxproj", "{FFFBA570-F89A-4445-B2E4-892D431C1759}"
EndProject
Project("{8BC9CEB8-8B4A-11D0-8D11-00A0C91BC942}") = "Assembler", "Source\Assembler\Assembler.vcxproj", "{61BE02D9-B34F-450E-80EB-B273C5DE514F}"
EndProject
Project("{8BC9CEB8-8B4A-11D0-8D11-00A0C91BC942}") = "InputHandler", "Source\InputHandler\InputHandler.vcxproj", "{D5DD9FF3-67CE-49DD-9274-709BA31DCE39}"
EndProject
Project("{8BC9CEB8-8B4A-11D0-8D11-00A0C91BC942}") = "NesInput", "Source\NesInput\NesInput.vcxproj", "{AF4C4339-30D9-4A67-B345-C4CE751A3444}"
EndProject
Global
	GlobalSection(SolutionConfigurationPlatforms) = preSolution
		Debug|x64 = Debug|x64
		Debug|x86 = Debug|x86
		Release|x64 = Release|x64
		Release|x86 = Release|x86
	EndGlobalSection
	GlobalSection(ProjectConfigurationPlatforms) = postSolution
		{B57B3CFA-25D4-4665-BDF3-A6BB38323E4E}.Debug|x64.ActiveCfg = Debug|x64
		{B57B3CFA-25D4-4665-BDF3-A6BB38323E4E}.Debug|x64.Build.0 = Debug|x64
		{B57B3CFA-25D4-4665-BDF3-A6BB38323E4E}.Debug|x86.ActiveCfg = Debug|Win32
		{B57B3CFA-25D4-4665-BDF3-A6BB38323E4E}.Debug|x86.Build.0 = Debug|Win32
		{B57B3CFA-25D4-4665-BDF3-A6BB38323E4E}.Release|x64.ActiveCfg = Release|x64
		{B57B3CFA-25D4-4665-BDF3-A6BB38323E4E}.Release|x64.Build.0 = Release|x64
		{B57B3CFA-25D4-4665-BDF3-A6BB38323E4E}.Release|x86.ActiveCfg = Release|Win32
		{B57B3CFA-25D4-4665-BDF3-A6BB38323E4E}.Release|x86.Build.0 = Release|Win32
		{B13D709B-1B25-405D-89C9-D8C511AFBA83}.Debug|x64.ActiveCfg = Debug|x64
		{B13D709B-1B25-405D-89C9-D8C511AFBA83}.Debug|x64.Build.0 = Debug|x64
		{B13D709B-1B25-405D-89C9-D8C511AFBA83}.Debug|x86.ActiveCfg = Debug|Win32
		{B13D709B-1B25-405D-89C9-D8C511AFBA83}.Debug|x86.Build.0 = Debug|Win32
		{B13D709B-1B25-405D-89C9-D8C511AFBA83}.Release|x64.ActiveCfg = Release|x64
		{B13D709B-1B25-405D-89C9-D8C511AFBA83}.Release|x64.Build.0 = Release|x64
		{B13D709B-1B25-405D-89C9-D8C511AFBA83}.Release|x86.ActiveCfg = Release|Win32
		{B13D709B-1B25-405D-89C9-D8C511AFBA83}.Release|x86.Build.0 = Release|Win32
		{87DE8D34-333E-44FA-8A54-F90C91D7E14A}.Debug|x64.ActiveCfg = Debug|x64
		{87DE8D34-333E-44FA-8A54-F90C91D7E14A}.Debug|x64.Build.0 = Debug|x64
		{87DE8D34-333E-44FA-8A54-F90C91D7E14A}.Debug|x86.ActiveCfg = Debug|Win32
		{87DE8D34-333E-44FA-8A54-F90C91D7E14A}.Debug|x86.Build.0 = Debug|Win32
		{87DE8D34-333E-44FA-8A54-F90C91D7E14A}.Release|x64.ActiveCfg = Release|x64
		{87DE8D34-333E-44FA-8A54-F90C91D7E14A}.Release|x64.Build.0 = Release|x64
		{87DE8D34-333E-44FA-8A54-F90C91D7E14A}.Release|x86.ActiveCfg = Release|Win32
		{87DE8D34-333E-44FA-8A54-F90C91D7E14A}.Release|x86.Build.0 = Release|Win32
		{F4D95B42-2B99-4C87-A581-65FF916B036F}.Debug|x64.ActiveCfg = Debug|x64
		{F4D95B42-2B99-4C87-A581-65FF916B036F}.Debug|x64.Build.0 = Debug|x64
		{F4D95B42-2B99-4C87-A581-65FF916B036F}.Debug|x86.ActiveCfg = Debug|Win32
		{F4D95B42-2B99-4C87-A581-65FF916B036F}.Debug|x86.Build.0 = Debug|Win32
		{F4D95B42-2B99-4C87-A581-65FF916B036F}.Release|x64.ActiveCfg = Release|x64
		{F4D95B42-2B99-4C87-A581-65FF916B036F}.Release|x64.Build.0 = Release|x64
		{F4D95B42-2B99-4C87-A581-65FF916B036F}.Release|x86.ActiveCfg = Release|Win32
		{F4D95B42-2B99-4C87-A581-65FF916B036F}.Release|x86.Build.0 = Release|Win32
		{FFFBA570-F89A-4445-B2E4-892D431C1759}.Debug|x64.ActiveCfg = Debug|x64
		{FFFBA570-F89A-4445-B2E4-892D431C1759}.Debug|x64.Build.0 = Debug|x64
		{FFFBA570-F89A-4445-B2E4-892D431C1759}.Debug|x86.ActiveCfg = Debug|Win32
		{FFFBA570-F89A-4445-B2E4-892D431C1759}.Debug|x86.Build.0 = Debug|Win32
		{FFFBA570-F89A-4445-B2E4-892D431C1759}.Release|x64.ActiveCfg = Release|x64
		{FFFBA570-F89A-4445-B2E4-892D431C1759}.Release|x64.Build.0 = Release|x64
		{FFFBA570-F89A-4445-B2E4-892D431C1759}.Release|x86.ActiveCfg = Release|Win32
		{FFFBA570-F89A-4445-B2E4-892D431C1759}.Release|x86.Build.0 = Release|Win32
		{61BE02D9-B34F-450E-80EB-B273C5DE514F}.Debug|x64.ActiveCfg = Debug|x64
		{61BE02D9-B34F-450E-80EB-B273C5DE514F}.Debug|x64.Build.0 = Debug|x64
		{61BE02D9-B34F-450E-80EB-B273C5DE514F}.Debug|x86.ActiveCfg = Debug|Win32
		{61BE02D9-B34F-450E-80EB-B273C5DE514F}.Debug|x86.Build.0 = Debug|Win32
		{61BE02D9-B34F-450E-80EB-B273C5DE514F}.Release|x64.ActiveCfg = Release|x64
		{61BE02D9-B34F-450E-80EB-B273C5DE514F}.Release|x64.Build.0 = Release|x64
		{61BE02D9-B34F-450E-80EB-B273C5DE514F}.Release|x86.ActiveCfg = Release|Win32
		{61BE02D9-B34F-450E-80EB-B273C5DE514F}.Release|x86.Build.0 = Release|Win32
		{D5DD9FF3-67CE-49DD-9274-709BA31DCE39}.Debug|x64.ActiveCfg = Debug|x64
		{D5DD9FF3-67CE-49DD-9274-709BA31DCE39}.Debug|x64.Build.0 = Debug|x64
		{D5DD9FF3-67CE-49DD-9274-709BA31DCE39}.Debug|x86.ActiveCfg = Debug|Win32
		{D5DD9FF3-67CE-49DD-9274-709BA31DCE39}.Debug|x86.Build.0 = Debug|Win32
		{D5DD9FF3-67CE-49DD-9274-709BA31DCE39}.Release|x64.ActiveCfg = Release|x64
		{D5DD9FF3-67CE-49DD-9274-709BA31DCE39}.Release|x64.Build.0 = Release|x64
		{D5DD9FF3-67CE-49DD-9274-709BA31DCE39}.Release|x86.ActiveCfg = Release|Win32
		{D5DD9FF3-67CE-49DD-9274-709BA31DCE39}.Release|x86.Build.0 = Release|Win32
		{AF4C4339-30D9-4A67-B345-C4CE751A3444}.Debug|x64.ActiveCfg = Debug|x64
		{AF4C4339-30D9-4A67-B345-C4CE751A3444}.Debug|x64.Build.0 = Debug|x64
		{AF4C4339-30D9-4A67-B345-C4CE751A3444}.Debug|x86.ActiveCfg = Debug|Win32
		{AF4C4339-30D9-4A67-B345-C4CE751A3444}.Debug|x86.Build.0 = Debug|Win32
		{AF4C4339-30D9-4A67-B345-C4CE751A3444}.Release|x64.ActiveCfg = Release|x64
		{AF4C4339-30D9-4A67-B345-C4CE751A3444}.Release|x64.Build.0 = Release|x64
		{AF4C4339-30D9-4A67-B345-C4CE751A3444}.Release|x86.ActiveCfg = Release|Win32
		{AF4C4339-30D9-4A67-B345-C4CE751A3444}.Release|x86.Build.0 = Release|Win32
	EndGlobalSection
	GlobalSection(SolutionProperties) = preSolution
		HideSolutionNode = FALSE
	EndGlobalSection
	GlobalSection(ExtensibilityGlobals) = postSolution
		SolutionGuid = {D93BF741-F69A-4AF8-952F-57D69A489607}
	EndGlobalSection
EndGlobal
